
Microsoft Visual Studio Solution File, Format Version 12.00
# Visual Studio 15
VisualStudioVersion = 15.0.27428.2015
MinimumVisualStudioVersion = 10.0.40219.1
Project("{FAE04EC0-301F-11D3-BF4B-00C04F79EFBC}") = "ScheduleTheme.Android", "ScheduleTheme\ScheduleTheme.Android\ScheduleTheme.Android.csproj", "{0D75E359-059E-4B9D-9BBE-30E158CC9505}"
EndProject
Project("{FAE04EC0-301F-11D3-BF4B-00C04F79EFBC}") = "ScheduleTheme.iOS", "ScheduleTheme\ScheduleTheme.iOS\ScheduleTheme.iOS.csproj", "{C32C0208-8F0B-410F-BCF8-0CF9A4CFF548}"
EndProject
Project("{FAE04EC0-301F-11D3-BF4B-00C04F79EFBC}") = "ScheduleTheme.UWP", "ScheduleTheme\ScheduleTheme.UWP\ScheduleTheme.UWP.csproj", "{5356AFC3-668A-4781-92BB-BA6B8D5F3216}"
EndProject
Project("{FAE04EC0-301F-11D3-BF4B-00C04F79EFBC}") = "ScheduleTheme", "ScheduleTheme\ScheduleTheme\ScheduleTheme.csproj", "{E29B155A-B5A3-482A-821A-4D79AAD93768}"
EndProject
Global
	GlobalSection(SolutionConfigurationPlatforms) = preSolution
		Ad-Hoc|Any CPU = Ad-Hoc|Any CPU
		Ad-Hoc|ARM = Ad-Hoc|ARM
		Ad-Hoc|iPhone = Ad-Hoc|iPhone
		Ad-Hoc|iPhoneSimulator = Ad-Hoc|iPhoneSimulator
		Ad-Hoc|x64 = Ad-Hoc|x64
		Ad-Hoc|x86 = Ad-Hoc|x86
		AppStore|Any CPU = AppStore|Any CPU
		AppStore|ARM = AppStore|ARM
		AppStore|iPhone = AppStore|iPhone
		AppStore|iPhoneSimulator = AppStore|iPhoneSimulator
		AppStore|x64 = AppStore|x64
		AppStore|x86 = AppStore|x86
		Debug|Any CPU = Debug|Any CPU
		Debug|ARM = Debug|ARM
		Debug|iPhone = Debug|iPhone
		Debug|iPhoneSimulator = Debug|iPhoneSimulator
		Debug|x64 = Debug|x64
		Debug|x86 = Debug|x86
		Release|Any CPU = Release|Any CPU
		Release|ARM = Release|ARM
		Release|iPhone = Release|iPhone
		Release|iPhoneSimulator = Release|iPhoneSimulator
		Release|x64 = Release|x64
		Release|x86 = Release|x86
	EndGlobalSection
	GlobalSection(ProjectConfigurationPlatforms) = postSolution
		{0D75E359-059E-4B9D-9BBE-30E158CC9505}.Ad-Hoc|Any CPU.ActiveCfg = Release|Any CPU
		{0D75E359-059E-4B9D-9BBE-30E158CC9505}.Ad-Hoc|Any CPU.Build.0 = Release|Any CPU
		{0D75E359-059E-4B9D-9BBE-30E158CC9505}.Ad-Hoc|Any CPU.Deploy.0 = Release|Any CPU
		{0D75E359-059E-4B9D-9BBE-30E158CC9505}.Ad-Hoc|ARM.ActiveCfg = Release|Any CPU
		{0D75E359-059E-4B9D-9BBE-30E158CC9505}.Ad-Hoc|ARM.Build.0 = Release|Any CPU
		{0D75E359-059E-4B9D-9BBE-30E158CC9505}.Ad-Hoc|ARM.Deploy.0 = Release|Any CPU
		{0D75E359-059E-4B9D-9BBE-30E158CC9505}.Ad-Hoc|iPhone.ActiveCfg = Release|Any CPU
		{0D75E359-059E-4B9D-9BBE-30E158CC9505}.Ad-Hoc|iPhone.Build.0 = Release|Any CPU
		{0D75E359-059E-4B9D-9BBE-30E158CC9505}.Ad-Hoc|iPhone.Deploy.0 = Release|Any CPU
		{0D75E359-059E-4B9D-9BBE-30E158CC9505}.Ad-Hoc|iPhoneSimulator.ActiveCfg = Release|Any CPU
		{0D75E359-059E-4B9D-9BBE-30E158CC9505}.Ad-Hoc|iPhoneSimulator.Build.0 = Release|Any CPU
		{0D75E359-059E-4B9D-9BBE-30E158CC9505}.Ad-Hoc|iPhoneSimulator.Deploy.0 = Release|Any CPU
		{0D75E359-059E-4B9D-9BBE-30E158CC9505}.Ad-Hoc|x64.ActiveCfg = Release|Any CPU
		{0D75E359-059E-4B9D-9BBE-30E158CC9505}.Ad-Hoc|x64.Build.0 = Release|Any CPU
		{0D75E359-059E-4B9D-9BBE-30E158CC9505}.Ad-Hoc|x64.Deploy.0 = Release|Any CPU
		{0D75E359-059E-4B9D-9BBE-30E158CC9505}.Ad-Hoc|x86.ActiveCfg = Release|Any CPU
		{0D75E359-059E-4B9D-9BBE-30E158CC9505}.Ad-Hoc|x86.Build.0 = Release|Any CPU
		{0D75E359-059E-4B9D-9BBE-30E158CC9505}.Ad-Hoc|x86.Deploy.0 = Release|Any CPU
		{0D75E359-059E-4B9D-9BBE-30E158CC9505}.AppStore|Any CPU.ActiveCfg = Release|Any CPU
		{0D75E359-059E-4B9D-9BBE-30E158CC9505}.AppStore|Any CPU.Build.0 = Release|Any CPU
		{0D75E359-059E-4B9D-9BBE-30E158CC9505}.AppStore|Any CPU.Deploy.0 = Release|Any CPU
		{0D75E359-059E-4B9D-9BBE-30E158CC9505}.AppStore|ARM.ActiveCfg = Release|Any CPU
		{0D75E359-059E-4B9D-9BBE-30E158CC9505}.AppStore|ARM.Build.0 = Release|Any CPU
		{0D75E359-059E-4B9D-9BBE-30E158CC9505}.AppStore|ARM.Deploy.0 = Release|Any CPU
		{0D75E359-059E-4B9D-9BBE-30E158CC9505}.AppStore|iPhone.ActiveCfg = Release|Any CPU
		{0D75E359-059E-4B9D-9BBE-30E158CC9505}.AppStore|iPhone.Build.0 = Release|Any CPU
		{0D75E359-059E-4B9D-9BBE-30E158CC9505}.AppStore|iPhone.Deploy.0 = Release|Any CPU
		{0D75E359-059E-4B9D-9BBE-30E158CC9505}.AppStore|iPhoneSimulator.ActiveCfg = Release|Any CPU
		{0D75E359-059E-4B9D-9BBE-30E158CC9505}.AppStore|iPhoneSimulator.Build.0 = Release|Any CPU
		{0D75E359-059E-4B9D-9BBE-30E158CC9505}.AppStore|iPhoneSimulator.Deploy.0 = Release|Any CPU
		{0D75E359-059E-4B9D-9BBE-30E158CC9505}.AppStore|x64.ActiveCfg = Release|Any CPU
		{0D75E359-059E-4B9D-9BBE-30E158CC9505}.AppStore|x64.Build.0 = Release|Any CPU
		{0D75E359-059E-4B9D-9BBE-30E158CC9505}.AppStore|x64.Deploy.0 = Release|Any CPU
		{0D75E359-059E-4B9D-9BBE-30E158CC9505}.AppStore|x86.ActiveCfg = Release|Any CPU
		{0D75E359-059E-4B9D-9BBE-30E158CC9505}.AppStore|x86.Build.0 = Release|Any CPU
		{0D75E359-059E-4B9D-9BBE-30E158CC9505}.AppStore|x86.Deploy.0 = Release|Any CPU
		{0D75E359-059E-4B9D-9BBE-30E158CC9505}.Debug|Any CPU.ActiveCfg = Debug|Any CPU
		{0D75E359-059E-4B9D-9BBE-30E158CC9505}.Debug|Any CPU.Build.0 = Debug|Any CPU
		{0D75E359-059E-4B9D-9BBE-30E158CC9505}.Debug|Any CPU.Deploy.0 = Debug|Any CPU
		{0D75E359-059E-4B9D-9BBE-30E158CC9505}.Debug|ARM.ActiveCfg = Debug|Any CPU
		{0D75E359-059E-4B9D-9BBE-30E158CC9505}.Debug|ARM.Build.0 = Debug|Any CPU
		{0D75E359-059E-4B9D-9BBE-30E158CC9505}.Debug|ARM.Deploy.0 = Debug|Any CPU
		{0D75E359-059E-4B9D-9BBE-30E158CC9505}.Debug|iPhone.ActiveCfg = Debug|Any CPU
		{0D75E359-059E-4B9D-9BBE-30E158CC9505}.Debug|iPhone.Build.0 = Debug|Any CPU
		{0D75E359-059E-4B9D-9BBE-30E158CC9505}.Debug|iPhone.Deploy.0 = Debug|Any CPU
		{0D75E359-059E-4B9D-9BBE-30E158CC9505}.Debug|iPhoneSimulator.ActiveCfg = Debug|Any CPU
		{0D75E359-059E-4B9D-9BBE-30E158CC9505}.Debug|iPhoneSimulator.Build.0 = Debug|Any CPU
		{0D75E359-059E-4B9D-9BBE-30E158CC9505}.Debug|iPhoneSimulator.Deploy.0 = Debug|Any CPU
		{0D75E359-059E-4B9D-9BBE-30E158CC9505}.Debug|x64.ActiveCfg = Debug|Any CPU
		{0D75E359-059E-4B9D-9BBE-30E158CC9505}.Debug|x64.Build.0 = Debug|Any CPU
		{0D75E359-059E-4B9D-9BBE-30E158CC9505}.Debug|x64.Deploy.0 = Debug|Any CPU
		{0D75E359-059E-4B9D-9BBE-30E158CC9505}.Debug|x86.ActiveCfg = Debug|Any CPU
		{0D75E359-059E-4B9D-9BBE-30E158CC9505}.Debug|x86.Build.0 = Debug|Any CPU
		{0D75E359-059E-4B9D-9BBE-30E158CC9505}.Debug|x86.Deploy.0 = Debug|Any CPU
		{0D75E359-059E-4B9D-9BBE-30E158CC9505}.Release|Any CPU.ActiveCfg = Release|Any CPU
		{0D75E359-059E-4B9D-9BBE-30E158CC9505}.Release|Any CPU.Build.0 = Release|Any CPU
		{0D75E359-059E-4B9D-9BBE-30E158CC9505}.Release|Any CPU.Deploy.0 = Release|Any CPU
		{0D75E359-059E-4B9D-9BBE-30E158CC9505}.Release|ARM.ActiveCfg = Release|Any CPU
		{0D75E359-059E-4B9D-9BBE-30E158CC9505}.Release|ARM.Build.0 = Release|Any CPU
		{0D75E359-059E-4B9D-9BBE-30E158CC9505}.Release|ARM.Deploy.0 = Release|Any CPU
		{0D75E359-059E-4B9D-9BBE-30E158CC9505}.Release|iPhone.ActiveCfg = Release|Any CPU
		{0D75E359-059E-4B9D-9BBE-30E158CC9505}.Release|iPhone.Build.0 = Release|Any CPU
		{0D75E359-059E-4B9D-9BBE-30E158CC9505}.Release|iPhone.Deploy.0 = Release|Any CPU
		{0D75E359-059E-4B9D-9BBE-30E158CC9505}.Release|iPhoneSimulator.ActiveCfg = Release|Any CPU
		{0D75E359-059E-4B9D-9BBE-30E158CC9505}.Release|iPhoneSimulator.Build.0 = Release|Any CPU
		{0D75E359-059E-4B9D-9BBE-30E158CC9505}.Release|iPhoneSimulator.Deploy.0 = Release|Any CPU
		{0D75E359-059E-4B9D-9BBE-30E158CC9505}.Release|x64.ActiveCfg = Release|Any CPU
		{0D75E359-059E-4B9D-9BBE-30E158CC9505}.Release|x64.Build.0 = Release|Any CPU
		{0D75E359-059E-4B9D-9BBE-30E158CC9505}.Release|x64.Deploy.0 = Release|Any CPU
		{0D75E359-059E-4B9D-9BBE-30E158CC9505}.Release|x86.ActiveCfg = Release|Any CPU
		{0D75E359-059E-4B9D-9BBE-30E158CC9505}.Release|x86.Build.0 = Release|Any CPU
		{0D75E359-059E-4B9D-9BBE-30E158CC9505}.Release|x86.Deploy.0 = Release|Any CPU
		{C32C0208-8F0B-410F-BCF8-0CF9A4CFF548}.Ad-Hoc|Any CPU.ActiveCfg = Ad-Hoc|iPhone
		{C32C0208-8F0B-410F-BCF8-0CF9A4CFF548}.Ad-Hoc|ARM.ActiveCfg = Ad-Hoc|iPhone
		{C32C0208-8F0B-410F-BCF8-0CF9A4CFF548}.Ad-Hoc|iPhone.ActiveCfg = Ad-Hoc|iPhone
		{C32C0208-8F0B-410F-BCF8-0CF9A4CFF548}.Ad-Hoc|iPhone.Build.0 = Ad-Hoc|iPhone
		{C32C0208-8F0B-410F-BCF8-0CF9A4CFF548}.Ad-Hoc|iPhoneSimulator.ActiveCfg = Ad-Hoc|iPhoneSimulator
		{C32C0208-8F0B-410F-BCF8-0CF9A4CFF548}.Ad-Hoc|iPhoneSimulator.Build.0 = Ad-Hoc|iPhoneSimulator
		{C32C0208-8F0B-410F-BCF8-0CF9A4CFF548}.Ad-Hoc|x64.ActiveCfg = Ad-Hoc|iPhone
		{C32C0208-8F0B-410F-BCF8-0CF9A4CFF548}.Ad-Hoc|x86.ActiveCfg = Ad-Hoc|iPhone
		{C32C0208-8F0B-410F-BCF8-0CF9A4CFF548}.AppStore|Any CPU.ActiveCfg = AppStore|iPhone
		{C32C0208-8F0B-410F-BCF8-0CF9A4CFF548}.AppStore|ARM.ActiveCfg = AppStore|iPhone
		{C32C0208-8F0B-410F-BCF8-0CF9A4CFF548}.AppStore|iPhone.ActiveCfg = AppStore|iPhone
		{C32C0208-8F0B-410F-BCF8-0CF9A4CFF548}.AppStore|iPhone.Build.0 = AppStore|iPhone
		{C32C0208-8F0B-410F-BCF8-0CF9A4CFF548}.AppStore|iPhoneSimulator.ActiveCfg = AppStore|iPhoneSimulator
		{C32C0208-8F0B-410F-BCF8-0CF9A4CFF548}.AppStore|iPhoneSimulator.Build.0 = AppStore|iPhoneSimulator
		{C32C0208-8F0B-410F-BCF8-0CF9A4CFF548}.AppStore|x64.ActiveCfg = AppStore|iPhone
		{C32C0208-8F0B-410F-BCF8-0CF9A4CFF548}.AppStore|x86.ActiveCfg = AppStore|iPhone
		{C32C0208-8F0B-410F-BCF8-0CF9A4CFF548}.Debug|Any CPU.ActiveCfg = Debug|iPhone
		{C32C0208-8F0B-410F-BCF8-0CF9A4CFF548}.Debug|ARM.ActiveCfg = Debug|iPhone
		{C32C0208-8F0B-410F-BCF8-0CF9A4CFF548}.Debug|iPhone.ActiveCfg = Debug|iPhone
		{C32C0208-8F0B-410F-BCF8-0CF9A4CFF548}.Debug|iPhone.Build.0 = Debug|iPhone
		{C32C0208-8F0B-410F-BCF8-0CF9A4CFF548}.Debug|iPhoneSimulator.ActiveCfg = Debug|iPhoneSimulator
		{C32C0208-8F0B-410F-BCF8-0CF9A4CFF548}.Debug|iPhoneSimulator.Build.0 = Debug|iPhoneSimulator
		{C32C0208-8F0B-410F-BCF8-0CF9A4CFF548}.Debug|x64.ActiveCfg = Debug|iPhone
		{C32C0208-8F0B-410F-BCF8-0CF9A4CFF548}.Debug|x86.ActiveCfg = Debug|iPhone
		{C32C0208-8F0B-410F-BCF8-0CF9A4CFF548}.Release|Any CPU.ActiveCfg = Release|iPhone
		{C32C0208-8F0B-410F-BCF8-0CF9A4CFF548}.Release|ARM.ActiveCfg = Release|iPhone
		{C32C0208-8F0B-410F-BCF8-0CF9A4CFF548}.Release|iPhone.ActiveCfg = Release|iPhone
		{C32C0208-8F0B-410F-BCF8-0CF9A4CFF548}.Release|iPhone.Build.0 = Release|iPhone
		{C32C0208-8F0B-410F-BCF8-0CF9A4CFF548}.Release|iPhoneSimulator.ActiveCfg = Release|iPhoneSimulator
		{C32C0208-8F0B-410F-BCF8-0CF9A4CFF548}.Release|iPhoneSimulator.Build.0 = Release|iPhoneSimulator
		{C32C0208-8F0B-410F-BCF8-0CF9A4CFF548}.Release|x64.ActiveCfg = Release|iPhone
		{C32C0208-8F0B-410F-BCF8-0CF9A4CFF548}.Release|x86.ActiveCfg = Release|iPhone
		{5356AFC3-668A-4781-92BB-BA6B8D5F3216}.Ad-Hoc|Any CPU.ActiveCfg = Release|x86
		{5356AFC3-668A-4781-92BB-BA6B8D5F3216}.Ad-Hoc|Any CPU.Build.0 = Release|x86
		{5356AFC3-668A-4781-92BB-BA6B8D5F3216}.Ad-Hoc|Any CPU.Deploy.0 = Release|x86
		{5356AFC3-668A-4781-92BB-BA6B8D5F3216}.Ad-Hoc|ARM.ActiveCfg = Release|ARM
		{5356AFC3-668A-4781-92BB-BA6B8D5F3216}.Ad-Hoc|ARM.Build.0 = Release|ARM
		{5356AFC3-668A-4781-92BB-BA6B8D5F3216}.Ad-Hoc|ARM.Deploy.0 = Release|ARM
		{5356AFC3-668A-4781-92BB-BA6B8D5F3216}.Ad-Hoc|iPhone.ActiveCfg = Release|x86
		{5356AFC3-668A-4781-92BB-BA6B8D5F3216}.Ad-Hoc|iPhone.Build.0 = Release|x86
		{5356AFC3-668A-4781-92BB-BA6B8D5F3216}.Ad-Hoc|iPhone.Deploy.0 = Release|x86
		{5356AFC3-668A-4781-92BB-BA6B8D5F3216}.Ad-Hoc|iPhoneSimulator.ActiveCfg = Release|x86
		{5356AFC3-668A-4781-92BB-BA6B8D5F3216}.Ad-Hoc|iPhoneSimulator.Build.0 = Release|x86
		{5356AFC3-668A-4781-92BB-BA6B8D5F3216}.Ad-Hoc|iPhoneSimulator.Deploy.0 = Release|x86
		{5356AFC3-668A-4781-92BB-BA6B8D5F3216}.Ad-Hoc|x64.ActiveCfg = Release|x64
		{5356AFC3-668A-4781-92BB-BA6B8D5F3216}.Ad-Hoc|x64.Build.0 = Release|x64
		{5356AFC3-668A-4781-92BB-BA6B8D5F3216}.Ad-Hoc|x64.Deploy.0 = Release|x64
		{5356AFC3-668A-4781-92BB-BA6B8D5F3216}.Ad-Hoc|x86.ActiveCfg = Release|x86
		{5356AFC3-668A-4781-92BB-BA6B8D5F3216}.Ad-Hoc|x86.Build.0 = Release|x86
		{5356AFC3-668A-4781-92BB-BA6B8D5F3216}.Ad-Hoc|x86.Deploy.0 = Release|x86
		{5356AFC3-668A-4781-92BB-BA6B8D5F3216}.AppStore|Any CPU.ActiveCfg = Release|x86
		{5356AFC3-668A-4781-92BB-BA6B8D5F3216}.AppStore|Any CPU.Build.0 = Release|x86
		{5356AFC3-668A-4781-92BB-BA6B8D5F3216}.AppStore|Any CPU.Deploy.0 = Release|x86
		{5356AFC3-668A-4781-92BB-BA6B8D5F3216}.AppStore|ARM.ActiveCfg = Release|ARM
		{5356AFC3-668A-4781-92BB-BA6B8D5F3216}.AppStore|ARM.Build.0 = Release|ARM
		{5356AFC3-668A-4781-92BB-BA6B8D5F3216}.AppStore|ARM.Deploy.0 = Release|ARM
		{5356AFC3-668A-4781-92BB-BA6B8D5F3216}.AppStore|iPhone.ActiveCfg = Release|x86
		{5356AFC3-668A-4781-92BB-BA6B8D5F3216}.AppStore|iPhone.Build.0 = Release|x86
		{5356AFC3-668A-4781-92BB-BA6B8D5F3216}.AppStore|iPhone.Deploy.0 = Release|x86
		{5356AFC3-668A-4781-92BB-BA6B8D5F3216}.AppStore|iPhoneSimulator.ActiveCfg = Release|x86
		{5356AFC3-668A-4781-92BB-BA6B8D5F3216}.AppStore|iPhoneSimulator.Build.0 = Release|x86
		{5356AFC3-668A-4781-92BB-BA6B8D5F3216}.AppStore|iPhoneSimulator.Deploy.0 = Release|x86
		{5356AFC3-668A-4781-92BB-BA6B8D5F3216}.AppStore|x64.ActiveCfg = Release|x64
		{5356AFC3-668A-4781-92BB-BA6B8D5F3216}.AppStore|x64.Build.0 = Release|x64
		{5356AFC3-668A-4781-92BB-BA6B8D5F3216}.AppStore|x64.Deploy.0 = Release|x64
		{5356AFC3-668A-4781-92BB-BA6B8D5F3216}.AppStore|x86.ActiveCfg = Release|x86
		{5356AFC3-668A-4781-92BB-BA6B8D5F3216}.AppStore|x86.Build.0 = Release|x86
		{5356AFC3-668A-4781-92BB-BA6B8D5F3216}.AppStore|x86.Deploy.0 = Release|x86
		{5356AFC3-668A-4781-92BB-BA6B8D5F3216}.Debug|Any CPU.ActiveCfg = Debug|x86
		{5356AFC3-668A-4781-92BB-BA6B8D5F3216}.Debug|ARM.ActiveCfg = Debug|ARM
		{5356AFC3-668A-4781-92BB-BA6B8D5F3216}.Debug|ARM.Build.0 = Debug|ARM
		{5356AFC3-668A-4781-92BB-BA6B8D5F3216}.Debug|ARM.Deploy.0 = Debug|ARM
		{5356AFC3-668A-4781-92BB-BA6B8D5F3216}.Debug|iPhone.ActiveCfg = Debug|x86
		{5356AFC3-668A-4781-92BB-BA6B8D5F3216}.Debug|iPhoneSimulator.ActiveCfg = Debug|x86
		{5356AFC3-668A-4781-92BB-BA6B8D5F3216}.Debug|x64.ActiveCfg = Debug|x64
		{5356AFC3-668A-4781-92BB-BA6B8D5F3216}.Debug|x64.Build.0 = Debug|x64
		{5356AFC3-668A-4781-92BB-BA6B8D5F3216}.Debug|x64.Deploy.0 = Debug|x64
		{5356AFC3-668A-4781-92BB-BA6B8D5F3216}.Debug|x86.ActiveCfg = Debug|x86
		{5356AFC3-668A-4781-92BB-BA6B8D5F3216}.Debug|x86.Build.0 = Debug|x86
		{5356AFC3-668A-4781-92BB-BA6B8D5F3216}.Debug|x86.Deploy.0 = Debug|x86
		{5356AFC3-668A-4781-92BB-BA6B8D5F3216}.Release|Any CPU.ActiveCfg = Release|x86
		{5356AFC3-668A-4781-92BB-BA6B8D5F3216}.Release|ARM.ActiveCfg = Release|ARM
		{5356AFC3-668A-4781-92BB-BA6B8D5F3216}.Release|ARM.Build.0 = Release|ARM
		{5356AFC3-668A-4781-92BB-BA6B8D5F3216}.Release|ARM.Deploy.0 = Release|ARM
		{5356AFC3-668A-4781-92BB-BA6B8D5F3216}.Release|iPhone.ActiveCfg = Release|x86
		{5356AFC3-668A-4781-92BB-BA6B8D5F3216}.Release|iPhoneSimulator.ActiveCfg = Release|x86
		{5356AFC3-668A-4781-92BB-BA6B8D5F3216}.Release|x64.ActiveCfg = Release|x64
		{5356AFC3-668A-4781-92BB-BA6B8D5F3216}.Release|x64.Build.0 = Release|x64
		{5356AFC3-668A-4781-92BB-BA6B8D5F3216}.Release|x64.Deploy.0 = Release|x64
		{5356AFC3-668A-4781-92BB-BA6B8D5F3216}.Release|x86.ActiveCfg = Release|x86
		{5356AFC3-668A-4781-92BB-BA6B8D5F3216}.Release|x86.Build.0 = Release|x86
		{5356AFC3-668A-4781-92BB-BA6B8D5F3216}.Release|x86.Deploy.0 = Release|x86
		{E29B155A-B5A3-482A-821A-4D79AAD93768}.Ad-Hoc|Any CPU.ActiveCfg = Debug|Any CPU
		{E29B155A-B5A3-482A-821A-4D79AAD93768}.Ad-Hoc|Any CPU.Build.0 = Debug|Any CPU
		{E29B155A-B5A3-482A-821A-4D79AAD93768}.Ad-Hoc|ARM.ActiveCfg = Debug|Any CPU
		{E29B155A-B5A3-482A-821A-4D79AAD93768}.Ad-Hoc|ARM.Build.0 = Debug|Any CPU
		{E29B155A-B5A3-482A-821A-4D79AAD93768}.Ad-Hoc|iPhone.ActiveCfg = Debug|Any CPU
		{E29B155A-B5A3-482A-821A-4D79AAD93768}.Ad-Hoc|iPhone.Build.0 = Debug|Any CPU
		{E29B155A-B5A3-482A-821A-4D79AAD93768}.Ad-Hoc|iPhoneSimulator.ActiveCfg = Debug|Any CPU
		{E29B155A-B5A3-482A-821A-4D79AAD93768}.Ad-Hoc|iPhoneSimulator.Build.0 = Debug|Any CPU
		{E29B155A-B5A3-482A-821A-4D79AAD93768}.Ad-Hoc|x64.ActiveCfg = Debug|Any CPU
		{E29B155A-B5A3-482A-821A-4D79AAD93768}.Ad-Hoc|x64.Build.0 = Debug|Any CPU
		{E29B155A-B5A3-482A-821A-4D79AAD93768}.Ad-Hoc|x86.ActiveCfg = Debug|Any CPU
		{E29B155A-B5A3-482A-821A-4D79AAD93768}.Ad-Hoc|x86.Build.0 = Debug|Any CPU
		{E29B155A-B5A3-482A-821A-4D79AAD93768}.AppStore|Any CPU.ActiveCfg = Debug|Any CPU
		{E29B155A-B5A3-482A-821A-4D79AAD93768}.AppStore|Any CPU.Build.0 = Debug|Any CPU
		{E29B155A-B5A3-482A-821A-4D79AAD93768}.AppStore|ARM.ActiveCfg = Debug|Any CPU
		{E29B155A-B5A3-482A-821A-4D79AAD93768}.AppStore|ARM.Build.0 = Debug|Any CPU
		{E29B155A-B5A3-482A-821A-4D79AAD93768}.AppStore|iPhone.ActiveCfg = Debug|Any CPU
		{E29B155A-B5A3-482A-821A-4D79AAD93768}.AppStore|iPhone.Build.0 = Debug|Any CPU
		{E29B155A-B5A3-482A-821A-4D79AAD93768}.AppStore|iPhoneSimulator.ActiveCfg = Debug|Any CPU
		{E29B155A-B5A3-482A-821A-4D79AAD93768}.AppStore|iPhoneSimulator.Build.0 = Debug|Any CPU
		{E29B155A-B5A3-482A-821A-4D79AAD93768}.AppStore|x64.ActiveCfg = Debug|Any CPU
		{E29B155A-B5A3-482A-821A-4D79AAD93768}.AppStore|x64.Build.0 = Debug|Any CPU
		{E29B155A-B5A3-482A-821A-4D79AAD93768}.AppStore|x86.ActiveCfg = Debug|Any CPU
		{E29B155A-B5A3-482A-821A-4D79AAD93768}.AppStore|x86.Build.0 = Debug|Any CPU
		{E29B155A-B5A3-482A-821A-4D79AAD93768}.Debug|Any CPU.ActiveCfg = Debug|Any CPU
		{E29B155A-B5A3-482A-821A-4D79AAD93768}.Debug|Any CPU.Build.0 = Debug|Any CPU
		{E29B155A-B5A3-482A-821A-4D79AAD93768}.Debug|ARM.ActiveCfg = Debug|Any CPU
		{E29B155A-B5A3-482A-821A-4D79AAD93768}.Debug|ARM.Build.0 = Debug|Any CPU
		{E29B155A-B5A3-482A-821A-4D79AAD93768}.Debug|iPhone.ActiveCfg = Debug|Any CPU
		{E29B155A-B5A3-482A-821A-4D79AAD93768}.Debug|iPhone.Build.0 = Debug|Any CPU
		{E29B155A-B5A3-482A-821A-4D79AAD93768}.Debug|iPhoneSimulator.ActiveCfg = Debug|Any CPU
		{E29B155A-B5A3-482A-821A-4D79AAD93768}.Debug|iPhoneSimulator.Build.0 = Debug|Any CPU
		{E29B155A-B5A3-482A-821A-4D79AAD93768}.Debug|x64.ActiveCfg = Debug|Any CPU
		{E29B155A-B5A3-482A-821A-4D79AAD93768}.Debug|x64.Build.0 = Debug|Any CPU
		{E29B155A-B5A3-482A-821A-4D79AAD93768}.Debug|x86.ActiveCfg = Debug|Any CPU
		{E29B155A-B5A3-482A-821A-4D79AAD93768}.Debug|x86.Build.0 = Debug|Any CPU
		{E29B155A-B5A3-482A-821A-4D79AAD93768}.Release|Any CPU.ActiveCfg = Release|Any CPU
		{E29B155A-B5A3-482A-821A-4D79AAD93768}.Release|Any CPU.Build.0 = Release|Any CPU
		{E29B155A-B5A3-482A-821A-4D79AAD93768}.Release|ARM.ActiveCfg = Release|Any CPU
		{E29B155A-B5A3-482A-821A-4D79AAD93768}.Release|ARM.Build.0 = Release|Any CPU
		{E29B155A-B5A3-482A-821A-4D79AAD93768}.Release|iPhone.ActiveCfg = Release|Any CPU
		{E29B155A-B5A3-482A-821A-4D79AAD93768}.Release|iPhone.Build.0 = Release|Any CPU
		{E29B155A-B5A3-482A-821A-4D79AAD93768}.Release|iPhoneSimulator.ActiveCfg = Release|Any CPU
		{E29B155A-B5A3-482A-821A-4D79AAD93768}.Release|iPhoneSimulator.Build.0 = Release|Any CPU
		{E29B155A-B5A3-482A-821A-4D79AAD93768}.Release|x64.ActiveCfg = Release|Any CPU
		{E29B155A-B5A3-482A-821A-4D79AAD93768}.Release|x64.Build.0 = Release|Any CPU
		{E29B155A-B5A3-482A-821A-4D79AAD93768}.Release|x86.ActiveCfg = Release|Any CPU
		{E29B155A-B5A3-482A-821A-4D79AAD93768}.Release|x86.Build.0 = Release|Any CPU
	EndGlobalSection
	GlobalSection(SolutionProperties) = preSolution
		HideSolutionNode = FALSE
	EndGlobalSection
	GlobalSection(ExtensibilityGlobals) = postSolution
		SolutionGuid = {6ED98859-ACF4-44EE-89BD-1D5F2AF60F9A}
	EndGlobalSection
EndGlobal
